
Microsoft Visual Studio Solution File, Format Version 12.00
# Visual Studio 15
VisualStudioVersion = 15.0.26127.3
MinimumVisualStudioVersion = 10.0.40219.1
Project("{FAE04EC0-301F-11D3-BF4B-00C04F79EFBC}") = "SayAndAsk", "SayAndAsk\SayAndAsk.csproj", "{409D698E-A89C-4F8B-93C8-EB93E5DAB25B}"
EndProject
Global
	GlobalSection(SolutionConfigurationPlatforms) = preSolution
		Debug|Any CPU = Debug|Any CPU
		Release|Any CPU = Release|Any CPU
	EndGlobalSection
	GlobalSection(ProjectConfigurationPlatforms) = postSolution
		{409D698E-A89C-4F8B-93C8-EB93E5DAB25B}.Debug|Any CPU.ActiveCfg = Debug|Any CPU
		{409D698E-A89C-4F8B-93C8-EB93E5DAB25B}.Debug|Any CPU.Build.0 = Debug|Any CPU
		{409D698E-A89C-4F8B-93C8-EB93E5DAB25B}.Release|Any CPU.ActiveCfg = Release|Any CPU
		{409D698E-A89C-4F8B-93C8-EB93E5DAB25B}.Release|Any CPU.Build.0 = Release|Any CPU
	EndGlobalSection
	GlobalSection(SolutionProperties) = preSolution
		HideSolutionNode = FALSE
	EndGlobalSection
EndGlobal
